
Microsoft Visual Studio Solution File, Format Version 12.00
# Visual Studio Version 17
VisualStudioVersion = 17.14.36804.6
MinimumVisualStudioVersion = 10.0.40219.1
Project("{FAE04EC0-301F-11D3-BF4B-00C04F79EFBC}") = "merissu", "merissu\merissu.csproj", "{C81CC3F7-25B9-4831-B34C-A4DE4C54D71B}"
EndProject
Project("{FAE04EC0-301F-11D3-BF4B-00C04F79EFBC}") = "cepatches", "cepatches\cepatches.csproj", "{EEA7EFBF-D301-40BD-97C7-8826A76920FF}"
EndProject
Global
	GlobalSection(SolutionConfigurationPlatforms) = preSolution
		Debug|Any CPU = Debug|Any CPU
		Release|Any CPU = Release|Any CPU
	EndGlobalSection
	GlobalSection(ProjectConfigurationPlatforms) = postSolution
		{C81CC3F7-25B9-4831-B34C-A4DE4C54D71B}.Debug|Any CPU.ActiveCfg = Debug|Any CPU
		{C81CC3F7-25B9-4831-B34C-A4DE4C54D71B}.Debug|Any CPU.Build.0 = Debug|Any CPU
		{C81CC3F7-25B9-4831-B34C-A4DE4C54D71B}.Release|Any CPU.ActiveCfg = Release|Any CPU
		{C81CC3F7-25B9-4831-B34C-A4DE4C54D71B}.Release|Any CPU.Build.0 = Release|Any CPU
		{EEA7EFBF-D301-40BD-97C7-8826A76920FF}.Debug|Any CPU.ActiveCfg = Debug|Any CPU
		{EEA7EFBF-D301-40BD-97C7-8826A76920FF}.Debug|Any CPU.Build.0 = Debug|Any CPU
		{EEA7EFBF-D301-40BD-97C7-8826A76920FF}.Release|Any CPU.ActiveCfg = Release|Any CPU
		{EEA7EFBF-D301-40BD-97C7-8826A76920FF}.Release|Any CPU.Build.0 = Release|Any CPU
	EndGlobalSection
	GlobalSection(SolutionProperties) = preSolution
		HideSolutionNode = FALSE
	EndGlobalSection
	GlobalSection(ExtensibilityGlobals) = postSolution
		SolutionGuid = {186CC9E7-AB78-4842-9451-3933454DD50C}
	EndGlobalSection
EndGlobal
